
Microsoft Visual Studio Solution File, Format Version 12.00
Project("{FAE04EC0-301F-11D3-BF4B-00C04F79EFBC}") = "StudentManagement", "StudentManagement\StudentManagement.csproj", "{05D44873-BFFC-4683-BC52-262E25ADF787}"
EndProject
Project("{2150E333-8FDC-42A3-9474-1A3956D46DE8}") = "Drivens", "Drivens", "{D988BD43-CF56-407B-8B89-3FA9F105F180}"
EndProject
Project("{2150E333-8FDC-42A3-9474-1A3956D46DE8}") = "Drivings", "Drivings", "{1ADE0747-8C0F-4D5B-A7D4-B3D96930111B}"
EndProject
Global
	GlobalSection(SolutionConfigurationPlatforms) = preSolution
		Debug|Any CPU = Debug|Any CPU
		Release|Any CPU = Release|Any CPU
	EndGlobalSection
	GlobalSection(ProjectConfigurationPlatforms) = postSolution
		{05D44873-BFFC-4683-BC52-262E25ADF787}.Debug|Any CPU.ActiveCfg = Debug|Any CPU
		{05D44873-BFFC-4683-BC52-262E25ADF787}.Debug|Any CPU.Build.0 = Debug|Any CPU
		{05D44873-BFFC-4683-BC52-262E25ADF787}.Release|Any CPU.ActiveCfg = Release|Any CPU
		{05D44873-BFFC-4683-BC52-262E25ADF787}.Release|Any CPU.Build.0 = Release|Any CPU
	EndGlobalSection
EndGlobal
